
Microsoft Visual Studio Solution File, Format Version 12.00
# Visual Studio Version 16
VisualStudioVersion = 16.0.32106.194
MinimumVisualStudioVersion = 10.0.40219.1
Project("{FAE04EC0-301F-11D3-BF4B-00C04F79EFBC}") = "AccesoDatos", "AccesoDatos\AccesoDatos.csproj", "{4020C0A4-49BA-4AB8-ADFC-1C6C02BBD6F4}"
EndProject
Project("{FAE04EC0-301F-11D3-BF4B-00C04F79EFBC}") = "Models", "Models\Models.csproj", "{86456820-B319-42BC-AEBB-AA3519266384}"
EndProject
Project("{E24C65DC-7377-472B-9ABA-BC803B73C61A}") = "WCFServiceSGCIS", "WCFServiceSGCIS\", "{5DD306B8-9D41-4ED1-822B-30261CB5B220}"
	ProjectSection(WebsiteProperties) = preProject
		TargetFrameworkMoniker = ".NETFramework,Version%3Dv4.7.2"
		ProjectReferences = "{86456820-b319-42bc-aebb-aa3519266384}|Models.dll;{4020c0a4-49ba-4ab8-adfc-1c6c02bbd6f4}|AccesoDatos.dll;"
		Debug.AspNetCompiler.VirtualPath = "/localhost_63716"
		Debug.AspNetCompiler.PhysicalPath = "WCFServiceSGCIS\"
		Debug.AspNetCompiler.TargetPath = "PrecompiledWeb\localhost_63716\"
		Debug.AspNetCompiler.Updateable = "true"
		Debug.AspNetCompiler.ForceOverwrite = "true"
		Debug.AspNetCompiler.FixedNames = "false"
		Debug.AspNetCompiler.Debug = "True"
		Release.AspNetCompiler.VirtualPath = "/localhost_63716"
		Release.AspNetCompiler.PhysicalPath = "WCFServiceSGCIS\"
		Release.AspNetCompiler.TargetPath = "PrecompiledWeb\localhost_63716\"
		Release.AspNetCompiler.Updateable = "true"
		Release.AspNetCompiler.ForceOverwrite = "true"
		Release.AspNetCompiler.FixedNames = "false"
		Release.AspNetCompiler.Debug = "False"
		VWDPort = "63716"
		SlnRelativePath = "WCFServiceSGCIS\"
		DefaultWebSiteLanguage = "Visual C#"
	EndProjectSection
EndProject
Project("{E24C65DC-7377-472B-9ABA-BC803B73C61A}") = "TelerikWebSiteSGCIS", "TelerikWebSiteSGCIS\", "{DD3D2F76-469E-4147-B0CA-E33595B362E7}"
	ProjectSection(WebsiteProperties) = preProject
		TargetFrameworkMoniker = ".NETFramework,Version%3Dv4.7.2"
		ProjectReferences = ""
		Debug.AspNetCompiler.VirtualPath = "/localhost_52412"
		Debug.AspNetCompiler.PhysicalPath = "TelerikWebSiteSGCIS\"
		Debug.AspNetCompiler.TargetPath = "PrecompiledWeb\localhost_52412\"
		Debug.AspNetCompiler.Updateable = "true"
		Debug.AspNetCompiler.ForceOverwrite = "true"
		Debug.AspNetCompiler.FixedNames = "false"
		Debug.AspNetCompiler.Debug = "True"
		Release.AspNetCompiler.VirtualPath = "/localhost_52412"
		Release.AspNetCompiler.PhysicalPath = "TelerikWebSiteSGCIS\"
		Release.AspNetCompiler.TargetPath = "PrecompiledWeb\localhost_52412\"
		Release.AspNetCompiler.Updateable = "true"
		Release.AspNetCompiler.ForceOverwrite = "true"
		Release.AspNetCompiler.FixedNames = "false"
		Release.AspNetCompiler.Debug = "False"
		VWDPort = "52412"
		SlnRelativePath = "TelerikWebSiteSGCIS\"
		DefaultWebSiteLanguage = "Visual C#"
	EndProjectSection
	ProjectSection(ProjectDependencies) = postProject
		{5DD306B8-9D41-4ED1-822B-30261CB5B220} = {5DD306B8-9D41-4ED1-822B-30261CB5B220}
	EndProjectSection
EndProject
Global
	GlobalSection(SolutionConfigurationPlatforms) = preSolution
		Debug|Any CPU = Debug|Any CPU
		Release|Any CPU = Release|Any CPU
	EndGlobalSection
	GlobalSection(ProjectConfigurationPlatforms) = postSolution
		{4020C0A4-49BA-4AB8-ADFC-1C6C02BBD6F4}.Debug|Any CPU.ActiveCfg = Debug|Any CPU
		{4020C0A4-49BA-4AB8-ADFC-1C6C02BBD6F4}.Debug|Any CPU.Build.0 = Debug|Any CPU
		{4020C0A4-49BA-4AB8-ADFC-1C6C02BBD6F4}.Release|Any CPU.ActiveCfg = Release|Any CPU
		{4020C0A4-49BA-4AB8-ADFC-1C6C02BBD6F4}.Release|Any CPU.Build.0 = Release|Any CPU
		{86456820-B319-42BC-AEBB-AA3519266384}.Debug|Any CPU.ActiveCfg = Debug|Any CPU
		{86456820-B319-42BC-AEBB-AA3519266384}.Debug|Any CPU.Build.0 = Debug|Any CPU
		{86456820-B319-42BC-AEBB-AA3519266384}.Release|Any CPU.ActiveCfg = Release|Any CPU
		{86456820-B319-42BC-AEBB-AA3519266384}.Release|Any CPU.Build.0 = Release|Any CPU
		{5DD306B8-9D41-4ED1-822B-30261CB5B220}.Debug|Any CPU.ActiveCfg = Debug|Any CPU
		{5DD306B8-9D41-4ED1-822B-30261CB5B220}.Debug|Any CPU.Build.0 = Debug|Any CPU
		{5DD306B8-9D41-4ED1-822B-30261CB5B220}.Release|Any CPU.ActiveCfg = Debug|Any CPU
		{5DD306B8-9D41-4ED1-822B-30261CB5B220}.Release|Any CPU.Build.0 = Debug|Any CPU
		{DD3D2F76-469E-4147-B0CA-E33595B362E7}.Debug|Any CPU.ActiveCfg = Debug|Any CPU
		{DD3D2F76-469E-4147-B0CA-E33595B362E7}.Debug|Any CPU.Build.0 = Debug|Any CPU
		{DD3D2F76-469E-4147-B0CA-E33595B362E7}.Release|Any CPU.ActiveCfg = Debug|Any CPU
		{DD3D2F76-469E-4147-B0CA-E33595B362E7}.Release|Any CPU.Build.0 = Debug|Any CPU
	EndGlobalSection
	GlobalSection(SolutionProperties) = preSolution
		HideSolutionNode = FALSE
	EndGlobalSection
	GlobalSection(ExtensibilityGlobals) = postSolution
		SolutionGuid = {92BA29F8-4FEF-4EBF-A9A7-F1FBEC2F3FA5}
	EndGlobalSection
EndGlobal
